
Microsoft Visual Studio Solution File, Format Version 12.00
# Visual Studio Version 17
VisualStudioVersion = 17.6.33927.249
MinimumVisualStudioVersion = 10.0.40219.1
Project("{2150E333-8FDC-42A3-9474-1A3956D46DE8}") = "src", "src", "{C521A286-43BC-4215-8FB9-306C53F0FF4F}"
EndProject
Project("{FAE04EC0-301F-11D3-BF4B-00C04F79EFBC}") = "Products.Dapper.WebAPI", "src\Products.Dapper.WebAPI\Products.Dapper.WebAPI.csproj", "{A3DE7E4B-8438-42C6-B272-FDAA2D9DF3F7}"
EndProject
Global
	GlobalSection(SolutionConfigurationPlatforms) = preSolution
		Debug|Any CPU = Debug|Any CPU
		Release|Any CPU = Release|Any CPU
	EndGlobalSection
	GlobalSection(ProjectConfigurationPlatforms) = postSolution
		{A3DE7E4B-8438-42C6-B272-FDAA2D9DF3F7}.Debug|Any CPU.ActiveCfg = Debug|Any CPU
		{A3DE7E4B-8438-42C6-B272-FDAA2D9DF3F7}.Debug|Any CPU.Build.0 = Debug|Any CPU
		{A3DE7E4B-8438-42C6-B272-FDAA2D9DF3F7}.Release|Any CPU.ActiveCfg = Release|Any CPU
		{A3DE7E4B-8438-42C6-B272-FDAA2D9DF3F7}.Release|Any CPU.Build.0 = Release|Any CPU
	EndGlobalSection
	GlobalSection(SolutionProperties) = preSolution
		HideSolutionNode = FALSE
	EndGlobalSection
	GlobalSection(NestedProjects) = preSolution
		{A3DE7E4B-8438-42C6-B272-FDAA2D9DF3F7} = {C521A286-43BC-4215-8FB9-306C53F0FF4F}
	EndGlobalSection
	GlobalSection(ExtensibilityGlobals) = postSolution
		SolutionGuid = {DB111523-2E8C-4AE1-AA68-ECCC0D4EE87E}
	EndGlobalSection
EndGlobal
